NeoBundleLock alt-gtags.vim cf534be573e7a55aee4eaec1103f160aa0dec4c9
NeoBundleLock flake8-vim 9b724f1f32199ae361e22bf62fb81b9d5b456a73
NeoBundleLock gist-vim ea7dc962c5c2ac2a1c4adc94d54cac190d713648
NeoBundleLock lightline.vim 13fb725403a7c8e46bda9409e4290764b896c4b2
NeoBundleLock neobundle.vim 0469b51d99cb52bf8d6c416b3ed6159a2cdaed9c
NeoBundleLock neocomplcache 778181767467b8f8016828898779a646074d883a
NeoBundleLock neomru.vim e72bef33c7f6af3d17c9968f9ac7bb2fda2a2bde
NeoBundleLock neosnippet e2c830db87e50e8cdb1128f3096664f68cb05cad
NeoBundleLock nerdtree af85499edace2acca27ce41790ac333f62b689bb
NeoBundleLock nginx-vim-syntax 8dffab7043185482414ac9c4d7041e26d77cb898
NeoBundleLock serverspec-snippets e11d526844aed4a82200d047674ca28c3cf0d016
NeoBundleLock sudo.vim 060f0250d6f399d1cf9b15eaad3d55b3fbad4b0d
NeoBundleLock unite-colorscheme 3aa33866a183f7659594a3f6b66b2334eaebc6a0
NeoBundleLock unite.vim 662f83d3789ecf320ddcb04f7023def3a8167802
NeoBundleLock vim-clang-format 9217fef26b20d17cc701f7c1c7d52ec3ecd99def
NeoBundleLock vim-elixir f2c747da5edd92c8430b9f1fdfe117467cf1551e
NeoBundleLock vim-fugitive e065e4f841f4a033ac9a6156573a446007617b1d
NeoBundleLock vim-go be38bf64583b3a4d65bfb8c39a3c8fe4193cfda2
NeoBundleLock vim-hack f7127207a6a74cb84cbd29dcc7681d225123742d
NeoBundleLock vim-http-client 39231fc18536ec2058d7ecfe5cc61c9caf0ec2b6
NeoBundleLock vim-quickrun c7800ea3d01209da678708e4d3b5175009551807
NeoBundleLock vimerl 536f7e265449b2609d217da4193f2e4060e6b728
NeoBundleLock webapi-vim dfc60635e610f9200646a84d11887af9e3d50b10
